
Microsoft Visual Studio Solution File, Format Version 12.00
# Visual Studio Version 17
VisualStudioVersion = 17.14.36310.24
MinimumVisualStudioVersion = 10.0.40219.1
Project("{2150E333-8FDC-42A3-9474-1A3956D46DE8}") = "Core", "Core", "{02EA681E-C7D8-13C7-8484-4AC65E1B71E8}"
EndProject
Project("{2150E333-8FDC-42A3-9474-1A3956D46DE8}") = "Frontends", "Frontends", "{5DE5D403-B324-434E-B304-84C8F8C9035A}"
EndProject
Project("{2150E333-8FDC-42A3-9474-1A3956D46DE8}") = "Infrastructure", "Infrastructure", "{CE4F9E11-A9DC-4754-BAC6-2250AD04046B}"
EndProject
Project("{2150E333-8FDC-42A3-9474-1A3956D46DE8}") = "Presentation", "Presentation", "{59156B72-C05F-4D4A-9656-FBCA20E898A9}"
EndProject
Project("{2150E333-8FDC-42A3-9474-1A3956D46DE8}") = "Requirements", "Requirements", "{1C67EF28-5016-4FEA-9CBB-4DC6328778FE}"
EndProject
Project("{FAE04EC0-301F-11D3-BF4B-00C04F79EFBC}") = "MovieApi.Domain", "Core\MovieApi.Domain\MovieApi.Domain.csproj", "{AFE0A794-6EC6-41A7-A9C2-6B51BFD5ECD4}"
EndProject
Project("{FAE04EC0-301F-11D3-BF4B-00C04F79EFBC}") = "MovieApi.Persistence", "Infrastructure\MovieApi.Persistence\MovieApi.Persistence.csproj", "{D7FEF43A-F132-4AEE-9538-4DF4B8594788}"
EndProject
Project("{FAE04EC0-301F-11D3-BF4B-00C04F79EFBC}") = "MovieApi.WebApi", "Presentation\MovieApi.WebApi\MovieApi.WebApi.csproj", "{F1001FEA-22AF-45E8-A875-DE05AD0D9AB6}"
EndProject
Project("{FAE04EC0-301F-11D3-BF4B-00C04F79EFBC}") = "MovieApi.Application", "Core\MovieApi.Application\MovieApi.Application.csproj", "{E7AE2806-B4D0-4527-A539-1978D681BBC4}"
EndProject
Global
	GlobalSection(SolutionConfigurationPlatforms) = preSolution
		Debug|Any CPU = Debug|Any CPU
		Release|Any CPU = Release|Any CPU
	EndGlobalSection
	GlobalSection(ProjectConfigurationPlatforms) = postSolution
		{AFE0A794-6EC6-41A7-A9C2-6B51BFD5ECD4}.Debug|Any CPU.ActiveCfg = Debug|Any CPU
		{AFE0A794-6EC6-41A7-A9C2-6B51BFD5ECD4}.Debug|Any CPU.Build.0 = Debug|Any CPU
		{AFE0A794-6EC6-41A7-A9C2-6B51BFD5ECD4}.Release|Any CPU.ActiveCfg = Release|Any CPU
		{AFE0A794-6EC6-41A7-A9C2-6B51BFD5ECD4}.Release|Any CPU.Build.0 = Release|Any CPU
		{D7FEF43A-F132-4AEE-9538-4DF4B8594788}.Debug|Any CPU.ActiveCfg = Debug|Any CPU
		{D7FEF43A-F132-4AEE-9538-4DF4B8594788}.Debug|Any CPU.Build.0 = Debug|Any CPU
		{D7FEF43A-F132-4AEE-9538-4DF4B8594788}.Release|Any CPU.ActiveCfg = Release|Any CPU
		{D7FEF43A-F132-4AEE-9538-4DF4B8594788}.Release|Any CPU.Build.0 = Release|Any CPU
		{F1001FEA-22AF-45E8-A875-DE05AD0D9AB6}.Debug|Any CPU.ActiveCfg = Debug|Any CPU
		{F1001FEA-22AF-45E8-A875-DE05AD0D9AB6}.Debug|Any CPU.Build.0 = Debug|Any CPU
		{F1001FEA-22AF-45E8-A875-DE05AD0D9AB6}.Release|Any CPU.ActiveCfg = Release|Any CPU
		{F1001FEA-22AF-45E8-A875-DE05AD0D9AB6}.Release|Any CPU.Build.0 = Release|Any CPU
		{E7AE2806-B4D0-4527-A539-1978D681BBC4}.Debug|Any CPU.ActiveCfg = Debug|Any CPU
		{E7AE2806-B4D0-4527-A539-1978D681BBC4}.Debug|Any CPU.Build.0 = Debug|Any CPU
		{E7AE2806-B4D0-4527-A539-1978D681BBC4}.Release|Any CPU.ActiveCfg = Release|Any CPU
		{E7AE2806-B4D0-4527-A539-1978D681BBC4}.Release|Any CPU.Build.0 = Release|Any CPU
	EndGlobalSection
	GlobalSection(SolutionProperties) = preSolution
		HideSolutionNode = FALSE
	EndGlobalSection
	GlobalSection(NestedProjects) = preSolution
		{AFE0A794-6EC6-41A7-A9C2-6B51BFD5ECD4} = {02EA681E-C7D8-13C7-8484-4AC65E1B71E8}
		{D7FEF43A-F132-4AEE-9538-4DF4B8594788} = {CE4F9E11-A9DC-4754-BAC6-2250AD04046B}
		{F1001FEA-22AF-45E8-A875-DE05AD0D9AB6} = {59156B72-C05F-4D4A-9656-FBCA20E898A9}
		{E7AE2806-B4D0-4527-A539-1978D681BBC4} = {02EA681E-C7D8-13C7-8484-4AC65E1B71E8}
	EndGlobalSection
	GlobalSection(ExtensibilityGlobals) = postSolution
		SolutionGuid = {8C80647D-B1D9-4319-BE38-695A0E8664A2}
	EndGlobalSection
EndGlobal
